
Microsoft Visual Studio Solution File, Format Version 12.00
# Visual Studio 15
VisualStudioVersion = 15.0.28010.2041
MinimumVisualStudioVersion = 10.0.40219.1
Project("{FAE04EC0-301F-11D3-BF4B-00C04F79EFBC}") = "ExampleASP.NET", "ExampleASP.NET\ExampleASP.NET.csproj", "{B04FB82F-E999-4F1A-96AF-F31934D7929D}"
EndProject
Global
	GlobalSection(SolutionConfigurationPlatforms) = preSolution
		Debug|Any CPU = Debug|Any CPU
		Release|Any CPU = Release|Any CPU
	EndGlobalSection
	GlobalSection(ProjectConfigurationPlatforms) = postSolution
		{B04FB82F-E999-4F1A-96AF-F31934D7929D}.Debug|Any CPU.ActiveCfg = Debug|Any CPU
		{B04FB82F-E999-4F1A-96AF-F31934D7929D}.Debug|Any CPU.Build.0 = Debug|Any CPU
		{B04FB82F-E999-4F1A-96AF-F31934D7929D}.Release|Any CPU.ActiveCfg = Release|Any CPU
		{B04FB82F-E999-4F1A-96AF-F31934D7929D}.Release|Any CPU.Build.0 = Release|Any CPU
	EndGlobalSection
	GlobalSection(SolutionProperties) = preSolution
		HideSolutionNode = FALSE
	EndGlobalSection
	GlobalSection(ExtensibilityGlobals) = postSolution
		SolutionGuid = {D9D67902-36BD-452D-963D-5E56053D12FE}
	EndGlobalSection
EndGlobal
